Microsoft Visual Studio Solution File, Format Version 11.00
# Visual Studio 2008

Project("{B823F73B-9ACB-C43E-0592-025AEDF250F1}") = "CMPS_499_Roll_a_Ball_cpw8754", "Assembly-CSharp.csproj", "{BB256505-6FC9-83EC-BBF7-9CC3B4B37072}"
EndProject
Global
	GlobalSection(SolutionConfigurationPlatforms) = preSolution
		Debug|Any CPU = Debug|Any CPU
		Release|Any CPU = Release|Any CPU
	EndGlobalSection
	GlobalSection(ProjectConfigurationPlatforms) = postSolution
		{BB256505-6FC9-83EC-BBF7-9CC3B4B37072}.Debug|Any CPU.ActiveCfg = Debug|Any CPU
		{BB256505-6FC9-83EC-BBF7-9CC3B4B37072}.Debug|Any CPU.Build.0 = Debug|Any CPU
		{BB256505-6FC9-83EC-BBF7-9CC3B4B37072}.Release|Any CPU.ActiveCfg = Release|Any CPU
		{BB256505-6FC9-83EC-BBF7-9CC3B4B37072}.Release|Any CPU.Build.0 = Release|Any CPU
	EndGlobalSection
	GlobalSection(SolutionProperties) = preSolution
		HideSolutionNode = FALSE
	EndGlobalSection
	GlobalSection(MonoDevelopProperties) = preSolution
		StartupItem = Assembly-CSharp.csproj
	EndGlobalSection
EndGlobal
